{
    "_readme": [
        "This file locks the dependencies of your project to a known state",
        "Read more about it at https://getcomposer.org/doc/01-basic-usage.md#composer-lock-the-lock-file",
        "This file is @generated automatically"
    ],
    "content-hash": "14c05907a8830b4cec74d3761aec760e",
    "packages": [
        {
            "name": "nelexa/zip",
            "version": "3.1.3",
            "source": {
                "type": "git",
                "url": "https://github.com/Ne-Lexa/php-zip.git",
                "reference": "171d4a8e4c217fbd065010e884562a9c53657d52"
            },
            "dist": {
                "type": "zip",
                "url": "https://api.github.com/repos/Ne-Lexa/php-zip/zipball/171d4a8e4c217fbd065010e884562a9c53657d52",
                "reference": "171d4a8e4c217fbd065010e884562a9c53657d52",
                "shasum": ""
            },
            "require": {
                "php": "^5.5 || ^7.0",
                "psr/http-message": "^1.0"
            },
            "require-dev": {
                "phpunit/phpunit": "4.8"
            },
            "suggest": {
                "ext-bz2": "Needed to support BZIP2 compression",
                "ext-mcrypt": "Needed to support encrypt zip entries or use ext-openssl",
                "ext-openssl": "Needed to support encrypt zip entries or use ext-mcrypt"
            },
            "type": "library",
            "autoload": {
                "psr-4": {
                    "PhpZip\\": "src/PhpZip"
                }
            },
            "notification-url": "https://packagist.org/downloads/",
            "license": [
                "MIT"
            ],
            "authors": [
                {
                    "name": "Ne-Lexa",
                    "email": "alexey@nelexa.ru",
                    "role": "Developer"
                }
            ],
            "description": "PhpZip is a php-library for extended work with ZIP-archives. Open, create, update, delete, extract and get info tool. Supports appending to existing ZIP files, WinZip AES encryption, Traditional PKWARE Encryption, ZipAlign tool, BZIP2 compression, external file attributes and ZIP64 extensions. Alternative ZipArchive. It does not require php-zip extension.",
            "keywords": [
                "archive",
                "extract",
                "unzip",
                "winzip",
                "zip",
                "zipalign",
                "ziparchive"
            ],
            "time": "2017-12-06T12:43:25+00:00"
        },
        {
            "name": "o2system/cache",
            "version": "v2.1.3",
            "source": {
                "type": "git",
                "url": "https://github.com/o2system/cache.git",
                "reference": "a7e0e6c2f0fbafd299d8ea060586595db233f6c1"
            },
            "dist": {
                "type": "zip",
                "url": "https://api.github.com/repos/o2system/cache/zipball/a7e0e6c2f0fbafd299d8ea060586595db233f6c1",
                "reference": "a7e0e6c2f0fbafd299d8ea060586595db233f6c1",
                "shasum": ""
            },
            "require": {
                "o2system/kernel": "*",
                "php": ">=5.6.0"
            },
            "type": "package",
            "autoload": {
                "psr-4": {
                    "O2System\\Cache\\": "src"
                }
            },
            "notification-url": "https://packagist.org/downloads/",
            "license": [
                "MIT"
            ],
            "authors": [
                {
                    "name": "Steeven Andrian Salim",
                    "email": "steevenz@steevenz.com",
                    "homepage": "http://www.steevenz.com",
                    "role": "Founder and Lead Project"
                },
                {
                    "name": "Teguh Rianto",
                    "email": "teguh.rianto22@gmail.com",
                    "homepage": "http://teguhrianto22.pusku.com",
                    "role": "Template Designer"
                }
            ],
            "description": "PHP Cache Management Handler Library",
            "keywords": [
                "driver",
                "framework",
                "libraries",
                "php",
                "utilities"
            ],
            "time": "2017-12-29T13:33:18+00:00"
        },
        {
            "name": "o2system/curl",
            "version": "v2.1.3",
            "source": {
                "type": "git",
                "url": "https://github.com/o2system/curl.git",
                "reference": "80e35758ed15c11c8a61096fe0342c7a9dc51000"
            },
            "dist": {
                "type": "zip",
                "url": "https://api.github.com/repos/o2system/curl/zipball/80e35758ed15c11c8a61096fe0342c7a9dc51000",
                "reference": "80e35758ed15c11c8a61096fe0342c7a9dc51000",
                "shasum": ""
            },
            "require": {
                "o2system/kernel": "*",
                "php": ">=5.6.0"
            },
            "type": "package",
            "autoload": {
                "psr-4": {
                    "O2System\\Curl\\": "src"
                }
            },
            "notification-url": "https://packagist.org/downloads/",
            "license": [
                "MIT"
            ],
            "authors": [
                {
                    "name": "Steeven Andrian Salim",
                    "email": "steevenz@steevenz.com",
                    "homepage": "http://www.steevenz.com",
                    "role": "Founder and Lead Project"
                },
                {
                    "name": "Teguh Rianto",
                    "email": "teguh.rianto22@gmail.com",
                    "homepage": "http://teguhrianto22.pusku.com",
                    "role": "Template Designer"
                }
            ],
            "description": "PHP Lightweight HTTP Request Client Libraries",
            "keywords": [
                "driver",
                "framework",
                "libraries",
                "php",
                "utilities"
            ],
            "time": "2018-01-10T17:07:50+00:00"
        },
        {
            "name": "o2system/database",
            "version": "v2.1.4",
            "source": {
                "type": "git",
                "url": "https://github.com/o2system/database.git",
                "reference": "96030599e792a060bd1358b4907a9a5b399cec32"
            },
            "dist": {
                "type": "zip",
                "url": "https://api.github.com/repos/o2system/database/zipball/96030599e792a060bd1358b4907a9a5b399cec32",
                "reference": "96030599e792a060bd1358b4907a9a5b399cec32",
                "shasum": ""
            },
            "require": {
                "o2system/kernel": "*",
                "php": ">=5.6.0"
            },
            "type": "package",
            "autoload": {
                "psr-4": {
                    "O2System\\Database\\": "src"
                }
            },
            "notification-url": "https://packagist.org/downloads/",
            "license": [
                "MIT"
            ],
            "authors": [
                {
                    "name": "Steeven Andrian Salim",
                    "email": "steevenz@steevenz.com",
                    "homepage": "http://www.steevenz.com",
                    "role": "Founder and Lead Project"
                },
                {
                    "name": "Teguh Rianto",
                    "email": "teguh.rianto22@gmail.com",
                    "homepage": "http://teguhrianto22.pusku.com",
                    "role": "Template Designer"
                }
            ],
            "description": "PHP Database Management Library",
            "keywords": [
                "driver",
                "framework",
                "libraries",
                "php",
                "utilities"
            ],
            "time": "2018-01-16T05:08:06+00:00"
        },
        {
            "name": "o2system/email",
            "version": "v1.0.4",
            "source": {
                "type": "git",
                "url": "https://github.com/o2system/email.git",
                "reference": "c7027d534e988ddefe30aaa6d3c74d2f5b39976b"
            },
            "dist": {
                "type": "zip",
                "url": "https://api.github.com/repos/o2system/email/zipball/c7027d534e988ddefe30aaa6d3c74d2f5b39976b",
                "reference": "c7027d534e988ddefe30aaa6d3c74d2f5b39976b",
                "shasum": ""
            },
            "require": {
                "o2system/kernel": "*",
                "php": ">=5.6.0",
                "phpmailer/phpmailer": "*"
            },
            "type": "package",
            "autoload": {
                "psr-4": {
                    "O2System\\Email\\": "src"
                }
            },
            "notification-url": "https://packagist.org/downloads/",
            "license": [
                "MIT"
            ],
            "authors": [
                {
                    "name": "Steeven Andrian Salim",
                    "email": "steevenz@steevenz.com",
                    "homepage": "http://www.steevenz.com",
                    "role": "Founder and Lead Project"
                },
                {
                    "name": "Teguh Rianto",
                    "email": "teguh.rianto22@gmail.com",
                    "homepage": "http://teguhrianto22.pusku.com",
                    "role": "Template Designer"
                }
            ],
            "description": "PHP Email Library",
            "keywords": [
                "driver",
                "framework",
                "libraries",
                "php",
                "utilities"
            ],
            "time": "2017-12-29T13:41:22+00:00"
        },
        {
            "name": "o2system/filesystem",
            "version": "v1.0.4",
            "source": {
                "type": "git",
                "url": "https://github.com/o2system/filesystem.git",
                "reference": "481d2a2b640f66fb1891114c55b976d723115c1d"
            },
            "dist": {
                "type": "zip",
                "url": "https://api.github.com/repos/o2system/filesystem/zipball/481d2a2b640f66fb1891114c55b976d723115c1d",
                "reference": "481d2a2b640f66fb1891114c55b976d723115c1d",
                "shasum": ""
            },
            "require": {
                "nelexa/zip": "^3.1",
                "o2system/kernel": "*",
                "php": ">=5.6.0"
            },
            "type": "package",
            "autoload": {
                "psr-4": {
                    "O2System\\Filesystem\\": "src"
                }
            },
            "notification-url": "https://packagist.org/downloads/",
            "license": [
                "MIT"
            ],
            "authors": [
                {
                    "name": "Steeven Andrian Salim",
                    "email": "steevenz@steevenz.com",
                    "homepage": "http://www.steevenz.com",
                    "role": "Founder and Lead Project"
                },
                {
                    "name": "Teguh Rianto",
                    "email": "teguh.rianto22@gmail.com",
                    "homepage": "http://teguhrianto22.pusku.com",
                    "role": "Template Designer"
                }
            ],
            "description": "PHP Filesystem Library",
            "keywords": [
                "driver",
                "framework",
                "libraries",
                "php",
                "utilities"
            ],
            "time": "2017-12-29T13:43:39+00:00"
        },
        {
            "name": "o2system/framework",
            "version": "v5.2.23",
            "source": {
                "type": "git",
                "url": "https://github.com/o2system/framework.git",
                "reference": "17bab9bb2a5d4e1e4b29c58f25691c8b87ddedc1"
            },
            "dist": {
                "type": "zip",
                "url": "https://api.github.com/repos/o2system/framework/zipball/17bab9bb2a5d4e1e4b29c58f25691c8b87ddedc1",
                "reference": "17bab9bb2a5d4e1e4b29c58f25691c8b87ddedc1",
                "shasum": ""
            },
            "require": {
                "o2system/cache": "*",
                "o2system/curl": "*",
                "o2system/database": "*",
                "o2system/email": "*",
                "o2system/filesystem": "*",
                "o2system/html": "*",
                "o2system/image": "*",
                "o2system/kernel": "*",
                "o2system/parser": "*",
                "o2system/security": "*",
                "php": ">=5.6.0"
            },
            "type": "package",
            "autoload": {
                "psr-4": {
                    "O2System\\Framework\\": "src"
                },
                "files": [
                    "src/Framework.php"
                ]
            },
            "notification-url": "https://packagist.org/downloads/",
            "license": [
                "MIT"
            ],
            "authors": [
                {
                    "name": "Steeven Andrian Salim",
                    "email": "steevenz@steevenz.com",
                    "homepage": "http://www.steevenz.com",
                    "role": "Founder and Lead Project"
                },
                {
                    "name": "Teguh Rianto",
                    "email": "teguh.rianto22@gmail.com",
                    "homepage": "http://teguhrianto22.pusku.com",
                    "role": "Template Designer"
                }
            ],
            "description": "O2System Framework",
            "keywords": [
                "driver",
                "framework",
                "libraries",
                "php",
                "utilities"
            ],
            "time": "2018-01-16T04:49:59+00:00"
        },
        {
            "name": "o2system/gear",
            "version": "v2.0.2",
            "source": {
                "type": "git",
                "url": "https://github.com/o2system/gear.git",
                "reference": "4f350c033a68b84364043d26c15069483caf0cc3"
            },
            "dist": {
                "type": "zip",
                "url": "https://api.github.com/repos/o2system/gear/zipball/4f350c033a68b84364043d26c15069483caf0cc3",
                "reference": "4f350c033a68b84364043d26c15069483caf0cc3",
                "shasum": ""
            },
            "require": {
                "php": ">=5.6.0"
            },
            "type": "package",
            "autoload": {
                "psr-4": {
                    "O2System\\Gear\\": "src"
                },
                "files": [
                    "src/Helper.php"
                ]
            },
            "notification-url": "https://packagist.org/downloads/",
            "license": [
                "MIT"
            ],
            "authors": [
                {
                    "name": "Steeven Andrian Salim",
                    "email": "steevenz@steevenz.com",
                    "homepage": "http://www.steevenz.com",
                    "role": "Founder and Lead Project"
                },
                {
                    "name": "Teguh Rianto",
                    "email": "teguh.rianto22@gmail.com",
                    "homepage": "http://teguhrianto22.pusku.com",
                    "role": "Template Designer"
                }
            ],
            "description": "PHP Developer Tools Library",
            "keywords": [
                "driver",
                "framework",
                "libraries",
                "php",
                "utilities"
            ],
            "time": "2017-08-31T04:30:29+00:00"
        },
        {
            "name": "o2system/html",
            "version": "v1.0.6",
            "source": {
                "type": "git",
                "url": "https://github.com/o2system/html.git",
                "reference": "34d94958d7e88d993ed66c780d5d5b51680f772e"
            },
            "dist": {
                "type": "zip",
                "url": "https://api.github.com/repos/o2system/html/zipball/34d94958d7e88d993ed66c780d5d5b51680f772e",
                "reference": "34d94958d7e88d993ed66c780d5d5b51680f772e",
                "shasum": ""
            },
            "require": {
                "o2system/kernel": "*",
                "php": ">=5.6.0"
            },
            "type": "package",
            "autoload": {
                "psr-4": {
                    "O2System\\Html\\": "src"
                }
            },
            "notification-url": "https://packagist.org/downloads/",
            "license": [
                "MIT"
            ],
            "authors": [
                {
                    "name": "Steeven Andrian Salim",
                    "email": "steevenz@steevenz.com",
                    "homepage": "http://www.steevenz.com",
                    "role": "Founder and Lead Project"
                },
                {
                    "name": "Teguh Rianto",
                    "email": "teguh.rianto22@gmail.com",
                    "homepage": "http://teguhrianto22.pusku.com",
                    "role": "Template Designer"
                }
            ],
            "description": "PHP Document and Element Library.",
            "keywords": [
                "framework",
                "interfaces",
                "libraries",
                "php",
                "utilities"
            ],
            "time": "2017-12-29T13:47:16+00:00"
        },
        {
            "name": "o2system/image",
            "version": "v1.0.3",
            "source": {
                "type": "git",
                "url": "https://github.com/o2system/image.git",
                "reference": "71f0947a5eb558be292639c79fe40950a0cf19b6"
            },
            "dist": {
                "type": "zip",
                "url": "https://api.github.com/repos/o2system/image/zipball/71f0947a5eb558be292639c79fe40950a0cf19b6",
                "reference": "71f0947a5eb558be292639c79fe40950a0cf19b6",
                "shasum": ""
            },
            "require": {
                "o2system/filesystem": "*",
                "php": ">=5.6.0"
            },
            "type": "package",
            "autoload": {
                "psr-4": {
                    "O2System\\Image\\": "src"
                }
            },
            "notification-url": "https://packagist.org/downloads/",
            "license": [
                "MIT"
            ],
            "authors": [
                {
                    "name": "Steeven Andrian Salim",
                    "email": "steevenz@steevenz.com",
                    "homepage": "http://www.steevenz.com",
                    "role": "Founder and Lead Project"
                },
                {
                    "name": "Teguh Rianto",
                    "email": "teguh.rianto22@gmail.com",
                    "homepage": "http://teguhrianto22.pusku.com",
                    "role": "Template Designer"
                }
            ],
            "description": "O2System Image is a PHP image handling and manipulation library for O2System Framework providing an easier and expressive way to manipulate an image. Allows different PHP Image Processor and Generator to be used.",
            "keywords": [
                "framework",
                "interfaces",
                "libraries",
                "php",
                "utilities"
            ],
            "time": "2018-01-10T05:31:16+00:00"
        },
        {
            "name": "o2system/kernel",
            "version": "v1.0.6",
            "source": {
                "type": "git",
                "url": "https://github.com/o2system/kernel.git",
                "reference": "65d5e57eb36fa226f1726b7617951d24807f89f1"
            },
            "dist": {
                "type": "zip",
                "url": "https://api.github.com/repos/o2system/kernel/zipball/65d5e57eb36fa226f1726b7617951d24807f89f1",
                "reference": "65d5e57eb36fa226f1726b7617951d24807f89f1",
                "shasum": ""
            },
            "require": {
                "o2system/gear": "*",
                "o2system/psr": "*",
                "o2system/spl": "*",
                "php": ">=5.6.0"
            },
            "type": "package",
            "autoload": {
                "psr-4": {
                    "O2System\\Kernel\\": "src"
                },
                "files": [
                    "src/Helpers/Common.php",
                    "src/Helpers/Inflector.php",
                    "src/Helpers/Cookie.php",
                    "src/Kernel.php"
                ]
            },
            "notification-url": "https://packagist.org/downloads/",
            "license": [
                "MIT"
            ],
            "authors": [
                {
                    "name": "Steeven Andrian Salim",
                    "email": "steevenz@steevenz.com",
                    "homepage": "http://www.steevenz.com",
                    "role": "Founder and Lead Project"
                },
                {
                    "name": "Teguh Rianto",
                    "email": "teguh.rianto22@gmail.com",
                    "homepage": "http://teguhrianto22.pusku.com",
                    "role": "Template Designer"
                }
            ],
            "description": "O2System Framework Kernel",
            "keywords": [
                "driver",
                "framework",
                "libraries",
                "php",
                "singleton"
            ],
            "time": "2018-01-16T04:41:20+00:00"
        },
        {
            "name": "o2system/parser",
            "version": "v1.0.2",
            "source": {
                "type": "git",
                "url": "https://github.com/o2system/parser.git",
                "reference": "4ffde9ce4d74b42609aa4dbc8ca02d06cfc11e4c"
            },
            "dist": {
                "type": "zip",
                "url": "https://api.github.com/repos/o2system/parser/zipball/4ffde9ce4d74b42609aa4dbc8ca02d06cfc11e4c",
                "reference": "4ffde9ce4d74b42609aa4dbc8ca02d06cfc11e4c",
                "shasum": ""
            },
            "require": {
                "o2system/kernel": "*",
                "php": ">=5.6.0"
            },
            "type": "package",
            "autoload": {
                "psr-4": {
                    "O2System\\Parser\\": "src"
                }
            },
            "notification-url": "https://packagist.org/downloads/",
            "authors": [
                {
                    "name": "Steeven Andrian Salim",
                    "email": "steevenz@steevenz.com",
                    "homepage": "http://www.steevenz.com",
                    "role": "Founder and Lead Project"
                },
                {
                    "name": "Teguh Rianto",
                    "email": "teguh.rianto22@gmail.com",
                    "homepage": "http://teguhrianto22.pusku.com",
                    "role": "Template Designer"
                }
            ],
            "description": "PHP Parser library.",
            "keywords": [
                "framework",
                "libraries",
                "php",
                "utilities"
            ],
            "time": "2017-11-08T09:25:42+00:00"
        },
        {
            "name": "o2system/psr",
            "version": "v1.0.4",
            "source": {
                "type": "git",
                "url": "https://github.com/o2system/psr.git",
                "reference": "e9a41df5073b5d6c293b277d8f3dc6180e177007"
            },
            "dist": {
                "type": "zip",
                "url": "https://api.github.com/repos/o2system/psr/zipball/e9a41df5073b5d6c293b277d8f3dc6180e177007",
                "reference": "e9a41df5073b5d6c293b277d8f3dc6180e177007",
                "shasum": ""
            },
            "require": {
                "o2system/spl": "*",
                "php": ">=5.6.0"
            },
            "type": "package",
            "autoload": {
                "psr-4": {
                    "O2System\\Psr\\": "src"
                }
            },
            "notification-url": "https://packagist.org/downloads/",
            "license": [
                "MIT"
            ],
            "authors": [
                {
                    "name": "Steeven Andrian Salim",
                    "email": "steevenz@steevenz.com",
                    "homepage": "http://www.steevenz.com",
                    "role": "Founder and Lead Project"
                },
                {
                    "name": "Teguh Rianto",
                    "email": "teguh.rianto22@gmail.com",
                    "homepage": "http://teguhrianto22.pusku.com",
                    "role": "Template Designer"
                }
            ],
            "description": "O2System PSR it's build based on PHP Framework Interop Group (PHP-FIG) standards recommendations. This repository contains a collection of PHP interfaces based on the PSR-0 until the PSR-7.",
            "keywords": [
                "framework",
                "interfaces",
                "libraries",
                "php",
                "utilities"
            ],
            "time": "2017-11-08T09:27:27+00:00"
        },
        {
            "name": "o2system/security",
            "version": "v1.0.2",
            "source": {
                "type": "git",
                "url": "https://github.com/o2system/security.git",
                "reference": "c3f9d30f95ce429bf5d299f93d5cc48e2c5e4030"
            },
            "dist": {
                "type": "zip",
                "url": "https://api.github.com/repos/o2system/security/zipball/c3f9d30f95ce429bf5d299f93d5cc48e2c5e4030",
                "reference": "c3f9d30f95ce429bf5d299f93d5cc48e2c5e4030",
                "shasum": ""
            },
            "require": {
                "o2system/session": "*",
                "php": ">=5.6.0"
            },
            "type": "package",
            "autoload": {
                "psr-4": {
                    "O2System\\Security\\": "src"
                }
            },
            "notification-url": "https://packagist.org/downloads/",
            "authors": [
                {
                    "name": "Steeven Andrian Salim",
                    "email": "steevenz@steevenz.com",
                    "homepage": "http://www.steevenz.com",
                    "role": "Founder and Lead Project"
                },
                {
                    "name": "Teguh Rianto",
                    "email": "teguh.rianto22@gmail.com",
                    "homepage": "http://teguhrianto22.pusku.com",
                    "role": "Template Designer"
                }
            ],
            "description": "O2System Security",
            "keywords": [
                "framework",
                "interfaces",
                "libraries",
                "php",
                "utilities"
            ],
            "time": "2017-11-08T09:28:03+00:00"
        },
        {
            "name": "o2system/session",
            "version": "v2.0.4",
            "source": {
                "type": "git",
                "url": "https://github.com/o2system/session.git",
                "reference": "47aeff1a628cf5cb6a475ce69c8af2cb4c90b4e0"
            },
            "dist": {
                "type": "zip",
                "url": "https://api.github.com/repos/o2system/session/zipball/47aeff1a628cf5cb6a475ce69c8af2cb4c90b4e0",
                "reference": "47aeff1a628cf5cb6a475ce69c8af2cb4c90b4e0",
                "shasum": ""
            },
            "require": {
                "o2system/kernel": "*",
                "php": ">=5.6.0"
            },
            "type": "package",
            "autoload": {
                "psr-4": {
                    "O2System\\Session\\": "src"
                },
                "files": [
                    "src/Session.php"
                ]
            },
            "notification-url": "https://packagist.org/downloads/",
            "authors": [
                {
                    "name": "Steeven Andrian Salim",
                    "email": "steevenz@steevenz.com",
                    "homepage": "http://www.steevenz.com",
                    "role": "Founder and Lead Project"
                },
                {
                    "name": "Teguh Rianto",
                    "email": "teguh.rianto22@gmail.com",
                    "homepage": "http://teguhrianto22.pusku.com",
                    "role": "Template Designer"
                }
            ],
            "description": "Open Source PHP Session Management Library",
            "keywords": [
                "framework",
                "interfaces",
                "libraries",
                "php",
                "session"
            ],
            "time": "2017-12-29T13:52:58+00:00"
        },
        {
            "name": "o2system/spl",
            "version": "v1.0.5",
            "source": {
                "type": "git",
                "url": "https://github.com/o2system/spl.git",
                "reference": "d47463c5e1ed1c386ca251755ace98c6d5c7fb47"
            },
            "dist": {
                "type": "zip",
                "url": "https://api.github.com/repos/o2system/spl/zipball/d47463c5e1ed1c386ca251755ace98c6d5c7fb47",
                "reference": "d47463c5e1ed1c386ca251755ace98c6d5c7fb47",
                "shasum": ""
            },
            "require": {
                "php": ">=5.6.0"
            },
            "type": "package",
            "autoload": {
                "psr-4": {
                    "O2System\\Spl\\": "src"
                }
            },
            "notification-url": "https://packagist.org/downloads/",
            "license": [
                "MIT"
            ],
            "authors": [
                {
                    "name": "Steeven Andrian Salim",
                    "email": "steevenz@steevenz.com",
                    "homepage": "http://www.steevenz.com",
                    "role": "Founder and Lead Project"
                },
                {
                    "name": "Teguh Rianto",
                    "email": "teguh.rianto22@gmail.com",
                    "homepage": "http://teguhrianto22.pusku.com",
                    "role": "Template Designer"
                }
            ],
            "description": "O2System Standard PHP Library (SPL) it's build based on original standard PHP library. It's made up primarily of commonly needed datastructure classes, iterators, handlers and exceptions for O2System PHP Framework, but also can be used independently outside O2System PHP Framework environment.",
            "keywords": [
                "framework",
                "interfaces",
                "libraries",
                "php",
                "utilities"
            ],
            "time": "2017-11-09T09:42:56+00:00"
        },
        {
            "name": "phpmailer/phpmailer",
            "version": "v6.0.3",
            "source": {
                "type": "git",
                "url": "https://github.com/PHPMailer/PHPMailer.git",
                "reference": "44d49bab5ab1fef721d3ee07e75dc0865ddf4cc6"
            },
            "dist": {
                "type": "zip",
                "url": "https://api.github.com/repos/PHPMailer/PHPMailer/zipball/44d49bab5ab1fef721d3ee07e75dc0865ddf4cc6",
                "reference": "44d49bab5ab1fef721d3ee07e75dc0865ddf4cc6",
                "shasum": ""
            },
            "require": {
                "ext-ctype": "*",
                "ext-filter": "*",
                "php": ">=5.5.0"
            },
            "require-dev": {
                "doctrine/annotations": "1.2.*",
                "friendsofphp/php-cs-fixer": "^2.2",
                "phpdocumentor/phpdocumentor": "2.*",
                "phpunit/phpunit": "^4.8 || ^5.7",
                "zendframework/zend-eventmanager": "3.0.*",
                "zendframework/zend-i18n": "2.7.3",
                "zendframework/zend-serializer": "2.7.*"
            },
            "suggest": {
                "ext-mbstring": "Needed to send email in multibyte encoding charset",
                "hayageek/oauth2-yahoo": "Needed for Yahoo XOAUTH2 authentication",
                "league/oauth2-google": "Needed for Google XOAUTH2 authentication",
                "psr/log": "For optional PSR-3 debug logging",
                "stevenmaguire/oauth2-microsoft": "Needed for Microsoft XOAUTH2 authentication",
                "symfony/polyfill-mbstring": "To support UTF-8 if the Mbstring PHP extension is not enabled (^1.2)"
            },
            "type": "library",
            "autoload": {
                "psr-4": {
                    "PHPMailer\\PHPMailer\\": "src/"
                }
            },
            "notification-url": "https://packagist.org/downloads/",
            "license": [
                "LGPL-2.1"
            ],
            "authors": [
                {
                    "name": "Jim Jagielski",
                    "email": "jimjag@gmail.com"
                },
                {
                    "name": "Marcus Bointon",
                    "email": "phpmailer@synchromedia.co.uk"
                },
                {
                    "name": "Andy Prevost",
                    "email": "codeworxtech@users.sourceforge.net"
                },
                {
                    "name": "Brent R. Matzelle"
                }
            ],
            "description": "PHPMailer is a full-featured email creation and transfer class for PHP",
            "time": "2018-01-05T13:19:58+00:00"
        },
        {
            "name": "phpoffice/phpexcel",
            "version": "1.8.1",
            "source": {
                "type": "git",
                "url": "https://github.com/PHPOffice/PHPExcel.git",
                "reference": "372c7cbb695a6f6f1e62649381aeaa37e7e70b32"
            },
            "dist": {
                "type": "zip",
                "url": "https://api.github.com/repos/PHPOffice/PHPExcel/zipball/372c7cbb695a6f6f1e62649381aeaa37e7e70b32",
                "reference": "372c7cbb695a6f6f1e62649381aeaa37e7e70b32",
                "shasum": ""
            },
            "require": {
                "ext-xml": "*",
                "ext-xmlwriter": "*",
                "php": ">=5.2.0"
            },
            "type": "library",
            "autoload": {
                "psr-0": {
                    "PHPExcel": "Classes/"
                }
            },
            "notification-url": "https://packagist.org/downloads/",
            "license": [
                "LGPL"
            ],
            "authors": [
                {
                    "name": "Maarten Balliauw",
                    "homepage": "http://blog.maartenballiauw.be"
                },
                {
                    "name": "Mark Baker"
                },
                {
                    "name": "Franck Lefevre",
                    "homepage": "http://blog.rootslabs.net"
                },
                {
                    "name": "Erik Tilt"
                }
            ],
            "description": "PHPExcel - OpenXML - Read, Create and Write Spreadsheet documents in PHP - Spreadsheet engine",
            "homepage": "http://phpexcel.codeplex.com",
            "keywords": [
                "OpenXML",
                "excel",
                "php",
                "spreadsheet",
                "xls",
                "xlsx"
            ],
            "time": "2015-05-01T07:00:55+00:00"
        },
        {
            "name": "psr/http-message",
            "version": "1.0.1",
            "source": {
                "type": "git",
                "url": "https://github.com/php-fig/http-message.git",
                "reference": "f6561bf28d520154e4b0ec72be95418abe6d9363"
            },
            "dist": {
                "type": "zip",
                "url": "https://api.github.com/repos/php-fig/http-message/zipball/f6561bf28d520154e4b0ec72be95418abe6d9363",
                "reference": "f6561bf28d520154e4b0ec72be95418abe6d9363",
                "shasum": ""
            },
            "require": {
                "php": ">=5.3.0"
            },
            "type": "library",
            "extra": {
                "branch-alias": {
                    "dev-master": "1.0.x-dev"
                }
            },
            "autoload": {
                "psr-4": {
                    "Psr\\Http\\Message\\": "src/"
                }
            },
            "notification-url": "https://packagist.org/downloads/",
            "license": [
                "MIT"
            ],
            "authors": [
                {
                    "name": "PHP-FIG",
                    "homepage": "http://www.php-fig.org/"
                }
            ],
            "description": "Common interface for HTTP messages",
            "homepage": "https://github.com/php-fig/http-message",
            "keywords": [
                "http",
                "http-message",
                "psr",
                "psr-7",
                "request",
                "response"
            ],
            "time": "2016-08-06T14:39:51+00:00"
        }
    ],
    "packages-dev": [],
    "aliases": [],
    "minimum-stability": "stable",
    "stability-flags": [],
    "prefer-stable": false,
    "prefer-lowest": false,
    "platform": {
        "php": ">=5.6.4"
    },
    "platform-dev": []
}
